// !$*UTF8*$!
{
	archiveVersion = 1;
	classes = {
	};
	objectVersion = 50;
	objects = {

/* Begin PBXBuildFile section */
		52131E1C23B832F400994AA2 /* BaseOperation.swift in Sources */ = {isa = PBXBuildFile; fileRef = 52131E1B23B832F400994AA2 /* BaseOperation.swift */; };
		5216CBE523B4A6F10076BD61 /* AppDelegate.swift in Sources */ = {isa = PBXBuildFile; fileRef = 5216CBE423B4A6F10076BD61 /* AppDelegate.swift */; };
		5216CBE923B4A6F10076BD61 /* ViewController.swift in Sources */ = {isa = PBXBuildFile; fileRef = 5216CBE823B4A6F10076BD61 /* ViewController.swift */; };
		5216CBEE23B4A6F30076BD61 /* Assets.xcassets in Resources */ = {isa = PBXBuildFile; fileRef = 5216CBED23B4A6F30076BD61 /* Assets.xcassets */; };
		5216CBF123B4A6F30076BD61 /* LaunchScreen.storyboard in Resources */ = {isa = PBXBuildFile; fileRef = 5216CBEF23B4A6F30076BD61 /* LaunchScreen.storyboard */; };
		5232CDF823B5ECDC00F21272 /* Registrations.swift in Sources */ = {isa = PBXBuildFile; fileRef = 5232CDF723B5ECDC00F21272 /* Registrations.swift */; };
		5232CDFA23B60B9F00F21272 /* EngineExtension.swift in Sources */ = {isa = PBXBuildFile; fileRef = 5232CDF923B60B9F00F21272 /* EngineExtension.swift */; };
		52362AE823B7047B00472319 /* CocoaAsyncSocket.framework in Frameworks */ = {isa = PBXBuildFile; fileRef = 52362AE723B7047B00472319 /* CocoaAsyncSocket.framework */; };
		52362AE923B7047B00472319 /* CocoaAsyncSocket.framework in Embed Frameworks */ = {isa = PBXBuildFile; fileRef = 52362AE723B7047B00472319 /* CocoaAsyncSocket.framework */; settings = {ATTRIBUTES = (CodeSignOnCopy, RemoveHeadersOnCopy, ); }; };
		5286571F23BB5039003DDDEC /* ReceiveOnvifDevciesOperation.swift in Sources */ = {isa = PBXBuildFile; fileRef = 5286571E23BB5039003DDDEC /* ReceiveOnvifDevciesOperation.swift */; };
		5287A2E023B5AA9B00114D20 /* Engine.swift in Sources */ = {isa = PBXBuildFile; fileRef = 5287A2DF23B5AA9B00114D20 /* Engine.swift */; };
		5287A2E223B5AAEC00114D20 /* Component.swift in Sources */ = {isa = PBXBuildFile; fileRef = 5287A2E123B5AAEC00114D20 /* Component.swift */; };
		528F2BB823B4AB12007890DF /* Events.swift in Sources */ = {isa = PBXBuildFile; fileRef = 528F2BB723B4AB12007890DF /* Events.swift */; };
		528FA45A23B9E57D009D1BA6 /* ReadProbeResponseOperation.swift in Sources */ = {isa = PBXBuildFile; fileRef = 528FA45923B9E57D009D1BA6 /* ReadProbeResponseOperation.swift */; };
		528FA45C23B9E654009D1BA6 /* BaseXMLOperation.swift in Sources */ = {isa = PBXBuildFile; fileRef = 528FA45B23B9E654009D1BA6 /* BaseXMLOperation.swift */; };
		52931CCA23B99A2400F0DB0F /* UDPCoreOperation.swift in Sources */ = {isa = PBXBuildFile; fileRef = 52931CC923B99A2400F0DB0F /* UDPCoreOperation.swift */; };
		52931CCC23B9A02100F0DB0F /* SendProbeOperation.swift in Sources */ = {isa = PBXBuildFile; fileRef = 52931CCB23B9A02100F0DB0F /* SendProbeOperation.swift */; };
		52C6C50523C8674100A0E86D /* GetProfilesOperation.swift in Sources */ = {isa = PBXBuildFile; fileRef = 52C6C50423C8674100A0E86D /* GetProfilesOperation.swift */; };
		52C6C50723C8674700A0E86D /* ParseProfilesOperation.swift in Sources */ = {isa = PBXBuildFile; fileRef = 52C6C50623C8674700A0E86D /* ParseProfilesOperation.swift */; };
		52EF6EA923B9F88B00929609 /* UDPOperation.swift in Sources */ = {isa = PBXBuildFile; fileRef = 52EF6EA823B9F88B00929609 /* UDPOperation.swift */; };
		52F55BFB23C466C100E34F00 /* Shared.swift in Sources */ = {isa = PBXBuildFile; fileRef = 52F55BFA23C466C100E34F00 /* Shared.swift */; };
		52F55C0B23C476EF00E34F00 /* UDP.swift in Sources */ = {isa = PBXBuildFile; fileRef = 52F55C0423C476EE00E34F00 /* UDP.swift */; };
		52F55C0C23C476EF00E34F00 /* DeviceComponent.swift in Sources */ = {isa = PBXBuildFile; fileRef = 52F55C0523C476EE00E34F00 /* DeviceComponent.swift */; };
		52F55C0D23C476EF00E34F00 /* ViewComponent.swift in Sources */ = {isa = PBXBuildFile; fileRef = 52F55C0623C476EE00E34F00 /* ViewComponent.swift */; };
		52F55C0E23C476EF00E34F00 /* OperationManage.swift in Sources */ = {isa = PBXBuildFile; fileRef = 52F55C0723C476EE00E34F00 /* OperationManage.swift */; };
		52F55C0F23C476EF00E34F00 /* DiscoveryComponent.swift in Sources */ = {isa = PBXBuildFile; fileRef = 52F55C0823C476EE00E34F00 /* DiscoveryComponent.swift */; };
		52F55C1423C4790C00E34F00 /* HTTP.swift in Sources */ = {isa = PBXBuildFile; fileRef = 52F55C1323C4790C00E34F00 /* HTTP.swift */; };
		52F55C1623C47DD400E34F00 /* HTTPCoreOperation.swift in Sources */ = {isa = PBXBuildFile; fileRef = 52F55C1523C47DD400E34F00 /* HTTPCoreOperation.swift */; };
		52F55C1823C485F000E34F00 /* OnvifHTTPOperation.swift in Sources */ = {isa = PBXBuildFile; fileRef = 52F55C1723C485F000E34F00 /* OnvifHTTPOperation.swift */; };
		52F55C1A23C4877500E34F00 /* GetSystemDateAndTimeOperation.swift in Sources */ = {isa = PBXBuildFile; fileRef = 52F55C1923C4877500E34F00 /* GetSystemDateAndTimeOperation.swift */; };
		52F86DD923B70CD500CBAB30 /* ONVIFDevice.swift in Sources */ = {isa = PBXBuildFile; fileRef = 52F86DD523B70CD400CBAB30 /* ONVIFDevice.swift */; };
		52F86DDA23B70CD500CBAB30 /* Profile.swift in Sources */ = {isa = PBXBuildFile; fileRef = 52F86DD623B70CD400CBAB30 /* Profile.swift */; };
		52F86DDB23B70CD500CBAB30 /* ProbeMatch.swift in Sources */ = {isa = PBXBuildFile; fileRef = 52F86DD723B70CD400CBAB30 /* ProbeMatch.swift */; };
		52F86DDC23B70CD500CBAB30 /* Models.swift in Sources */ = {isa = PBXBuildFile; fileRef = 52F86DD823B70CD500CBAB30 /* Models.swift */; };
/* End PBXBuildFile section */

/* Begin PBXCopyFilesBuildPhase section */
		52362AEA23B7047B00472319 /* Embed Frameworks */ = {
			isa = PBXCopyFilesBuildPhase;
			buildActionMask = 2147483647;
			dstPath = "";
			dstSubfolderSpec = 10;
			files = (
				52362AE923B7047B00472319 /* CocoaAsyncSocket.framework in Embed Frameworks */,
			);
			name = "Embed Frameworks";
			runOnlyForDeploymentPostprocessing = 0;
		};
/* End PBXCopyFilesBuildPhase section */

/* Begin PBXFileReference section */
		52131E1B23B832F400994AA2 /* BaseOperation.swift */ = {isa = PBXFileReference; lastKnownFileType = sourcecode.swift; path = BaseOperation.swift; sourceTree = "<group>"; };
		5216CBE123B4A6F10076BD61 /* Greeting.app */ = {isa = PBXFileReference; explicitFileType = wrapper.application; includeInIndex = 0; path = Greeting.app; sourceTree = BUILT_PRODUCTS_DIR; };
		5216CBE423B4A6F10076BD61 /* AppDelegate.swift */ = {isa = PBXFileReference; lastKnownFileType = sourcecode.swift; path = AppDelegate.swift; sourceTree = "<group>"; };
		5216CBE823B4A6F10076BD61 /* ViewController.swift */ = {isa = PBXFileReference; lastKnownFileType = sourcecode.swift; path = ViewController.swift; sourceTree = "<group>"; };
		5216CBED23B4A6F30076BD61 /* Assets.xcassets */ = {isa = PBXFileReference; lastKnownFileType = folder.assetcatalog; path = Assets.xcassets; sourceTree = "<group>"; };
		5216CBF023B4A6F30076BD61 /* Base */ = {isa = PBXFileReference; lastKnownFileType = file.storyboard; name = Base; path = Base.lproj/LaunchScreen.storyboard; sourceTree = "<group>"; };
		5216CBF223B4A6F30076BD61 /* Info.plist */ = {isa = PBXFileReference; lastKnownFileType = text.plist.xml; path = Info.plist; sourceTree = "<group>"; };
		5232CDF723B5ECDC00F21272 /* Registrations.swift */ = {isa = PBXFileReference; lastKnownFileType = sourcecode.swift; path = Registrations.swift; sourceTree = "<group>"; };
		5232CDF923B60B9F00F21272 /* EngineExtension.swift */ = {isa = PBXFileReference; lastKnownFileType = sourcecode.swift; path = EngineExtension.swift; sourceTree = "<group>"; };
		52362AE723B7047B00472319 /* CocoaAsyncSocket.framework */ = {isa = PBXFileReference; lastKnownFileType = wrapper.framework; name = CocoaAsyncSocket.framework; path = Carthage/Build/iOS/CocoaAsyncSocket.framework; sourceTree = "<group>"; };
		5286571E23BB5039003DDDEC /* ReceiveOnvifDevciesOperation.swift */ = {isa = PBXFileReference; fileEncoding = 4; lastKnownFileType = sourcecode.swift; path = ReceiveOnvifDevciesOperation.swift; sourceTree = "<group>"; };
		5287A2DF23B5AA9B00114D20 /* Engine.swift */ = {isa = PBXFileReference; lastKnownFileType = sourcecode.swift; path = Engine.swift; sourceTree = "<group>"; };
		5287A2E123B5AAEC00114D20 /* Component.swift */ = {isa = PBXFileReference; lastKnownFileType = sourcecode.swift; path = Component.swift; sourceTree = "<group>"; };
		528F2BB723B4AB12007890DF /* Events.swift */ = {isa = PBXFileReference; lastKnownFileType = sourcecode.swift; path = Events.swift; sourceTree = "<group>"; };
		528FA45923B9E57D009D1BA6 /* ReadProbeResponseOperation.swift */ = {isa = PBXFileReference; lastKnownFileType = sourcecode.swift; path = ReadProbeResponseOperation.swift; sourceTree = "<group>"; };
		528FA45B23B9E654009D1BA6 /* BaseXMLOperation.swift */ = {isa = PBXFileReference; lastKnownFileType = sourcecode.swift; path = BaseXMLOperation.swift; sourceTree = "<group>"; };
		52931CC923B99A2400F0DB0F /* UDPCoreOperation.swift */ = {isa = PBXFileReference; lastKnownFileType = sourcecode.swift; path = UDPCoreOperation.swift; sourceTree = "<group>"; };
		52931CCB23B9A02100F0DB0F /* SendProbeOperation.swift */ = {isa = PBXFileReference; lastKnownFileType = sourcecode.swift; path = SendProbeOperation.swift; sourceTree = "<group>"; };
		52C6C50423C8674100A0E86D /* GetProfilesOperation.swift */ = {isa = PBXFileReference; fileEncoding = 4; lastKnownFileType = sourcecode.swift; path = GetProfilesOperation.swift; sourceTree = "<group>"; };
		52C6C50623C8674700A0E86D /* ParseProfilesOperation.swift */ = {isa = PBXFileReference; fileEncoding = 4; lastKnownFileType = sourcecode.swift; path = ParseProfilesOperation.swift; sourceTree = "<group>"; };
		52EF6EA823B9F88B00929609 /* UDPOperation.swift */ = {isa = PBXFileReference; lastKnownFileType = sourcecode.swift; path = UDPOperation.swift; sourceTree = "<group>"; };
		52F55BFA23C466C100E34F00 /* Shared.swift */ = {isa = PBXFileReference; lastKnownFileType = sourcecode.swift; path = Shared.swift; sourceTree = "<group>"; };
		52F55C0423C476EE00E34F00 /* UDP.swift */ = {isa = PBXFileReference; fileEncoding = 4; lastKnownFileType = sourcecode.swift; path = UDP.swift; sourceTree = "<group>"; };
		52F55C0523C476EE00E34F00 /* DeviceComponent.swift */ = {isa = PBXFileReference; fileEncoding = 4; lastKnownFileType = sourcecode.swift; path = DeviceComponent.swift; sourceTree = "<group>"; };
		52F55C0623C476EE00E34F00 /* ViewComponent.swift */ = {isa = PBXFileReference; fileEncoding = 4; lastKnownFileType = sourcecode.swift; path = ViewComponent.swift; sourceTree = "<group>"; };
		52F55C0723C476EE00E34F00 /* OperationManage.swift */ = {isa = PBXFileReference; fileEncoding = 4; lastKnownFileType = sourcecode.swift; path = OperationManage.swift; sourceTree = "<group>"; };
		52F55C0823C476EE00E34F00 /* DiscoveryComponent.swift */ = {isa = PBXFileReference; fileEncoding = 4; lastKnownFileType = sourcecode.swift; path = DiscoveryComponent.swift; sourceTree = "<group>"; };
		52F55C1323C4790C00E34F00 /* HTTP.swift */ = {isa = PBXFileReference; lastKnownFileType = sourcecode.swift; path = HTTP.swift; sourceTree = "<group>"; };
		52F55C1523C47DD400E34F00 /* HTTPCoreOperation.swift */ = {isa = PBXFileReference; lastKnownFileType = sourcecode.swift; path = HTTPCoreOperation.swift; sourceTree = "<group>"; };
		52F55C1723C485F000E34F00 /* OnvifHTTPOperation.swift */ = {isa = PBXFileReference; lastKnownFileType = sourcecode.swift; path = OnvifHTTPOperation.swift; sourceTree = "<group>"; };
		52F55C1923C4877500E34F00 /* GetSystemDateAndTimeOperation.swift */ = {isa = PBXFileReference; lastKnownFileType = sourcecode.swift; path = GetSystemDateAndTimeOperation.swift; sourceTree = "<group>"; };
		52F86DD523B70CD400CBAB30 /* ONVIFDevice.swift */ = {isa = PBXFileReference; fileEncoding = 4; lastKnownFileType = sourcecode.swift; path = ONVIFDevice.swift; sourceTree = "<group>"; };
		52F86DD623B70CD400CBAB30 /* Profile.swift */ = {isa = PBXFileReference; fileEncoding = 4; lastKnownFileType = sourcecode.swift; path = Profile.swift; sourceTree = "<group>"; };
		52F86DD723B70CD400CBAB30 /* ProbeMatch.swift */ = {isa = PBXFileReference; fileEncoding = 4; lastKnownFileType = sourcecode.swift; path = ProbeMatch.swift; sourceTree = "<group>"; };
		52F86DD823B70CD500CBAB30 /* Models.swift */ = {isa = PBXFileReference; fileEncoding = 4; lastKnownFileType = sourcecode.swift; path = Models.swift; sourceTree = "<group>"; };
/* End PBXFileReference section */

/* Begin PBXFrameworksBuildPhase section */
		5216CBDE23B4A6F10076BD61 /* Frameworks */ = {
			isa = PBXFrameworksBuildPhase;
			buildActionMask = 2147483647;
			files = (
				52362AE823B7047B00472319 /* CocoaAsyncSocket.framework in Frameworks */,
			);
			runOnlyForDeploymentPostprocessing = 0;
		};
/* End PBXFrameworksBuildPhase section */

/* Begin PBXGroup section */
		5216CBD823B4A6F10076BD61 = {
			isa = PBXGroup;
			children = (
				5216CBE323B4A6F10076BD61 /* Greeting */,
				5216CBE223B4A6F10076BD61 /* Products */,
				52362AE623B7047B00472319 /* Frameworks */,
			);
			sourceTree = "<group>";
		};
		5216CBE223B4A6F10076BD61 /* Products */ = {
			isa = PBXGroup;
			children = (
				5216CBE123B4A6F10076BD61 /* Greeting.app */,
			);
			name = Products;
			sourceTree = "<group>";
		};
		5216CBE323B4A6F10076BD61 /* Greeting */ = {
			isa = PBXGroup;
			children = (
				5216CBE423B4A6F10076BD61 /* AppDelegate.swift */,
				52F55BFA23C466C100E34F00 /* Shared.swift */,
				5244A79523BAEF6200EC9289 /* Core */,
				528F2BBB23B4B52F007890DF /* Models */,
				528F2BBC23B4B537007890DF /* Operations */,
				528F2BBD23B4B53F007890DF /* Events */,
				528F2BBE23B4B54B007890DF /* Views */,
				5216CBED23B4A6F30076BD61 /* Assets.xcassets */,
				5216CBEF23B4A6F30076BD61 /* LaunchScreen.storyboard */,
				5216CBF223B4A6F30076BD61 /* Info.plist */,
			);
			path = Greeting;
			sourceTree = "<group>";
		};
		52362AE623B7047B00472319 /* Frameworks */ = {
			isa = PBXGroup;
			children = (
				52362AE723B7047B00472319 /* CocoaAsyncSocket.framework */,
			);
			name = Frameworks;
			sourceTree = "<group>";
		};
		5244A79523BAEF6200EC9289 /* Core */ = {
			isa = PBXGroup;
			children = (
				5287A2DF23B5AA9B00114D20 /* Engine.swift */,
				5232CDF923B60B9F00F21272 /* EngineExtension.swift */,
				5232CDF723B5ECDC00F21272 /* Registrations.swift */,
				5287A2E123B5AAEC00114D20 /* Component.swift */,
				52131E1B23B832F400994AA2 /* BaseOperation.swift */,
				528FA45B23B9E654009D1BA6 /* BaseXMLOperation.swift */,
				52931CC923B99A2400F0DB0F /* UDPCoreOperation.swift */,
				52EF6EA823B9F88B00929609 /* UDPOperation.swift */,
				52F55C1223C4770900E34F00 /* Components */,
			);
			path = Core;
			sourceTree = "<group>";
		};
		528F2BBB23B4B52F007890DF /* Models */ = {
			isa = PBXGroup;
			children = (
				52F86DD523B70CD400CBAB30 /* ONVIFDevice.swift */,
				52F86DD823B70CD500CBAB30 /* Models.swift */,
				52F86DD723B70CD400CBAB30 /* ProbeMatch.swift */,
				52F86DD623B70CD400CBAB30 /* Profile.swift */,
			);
			path = Models;
			sourceTree = "<group>";
		};
		528F2BBC23B4B537007890DF /* Operations */ = {
			isa = PBXGroup;
			children = (
				52931CCB23B9A02100F0DB0F /* SendProbeOperation.swift */,
				528FA45923B9E57D009D1BA6 /* ReadProbeResponseOperation.swift */,
				5286571E23BB5039003DDDEC /* ReceiveOnvifDevciesOperation.swift */,
				52C6C50423C8674100A0E86D /* GetProfilesOperation.swift */,
				52C6C50623C8674700A0E86D /* ParseProfilesOperation.swift */,
				52F55C1923C4877500E34F00 /* GetSystemDateAndTimeOperation.swift */,
			);
			path = Operations;
			sourceTree = "<group>";
		};
		528F2BBD23B4B53F007890DF /* Events */ = {
			isa = PBXGroup;
			children = (
				528F2BB723B4AB12007890DF /* Events.swift */,
			);
			path = Events;
			sourceTree = "<group>";
		};
		528F2BBE23B4B54B007890DF /* Views */ = {
			isa = PBXGroup;
			children = (
				5216CBE823B4A6F10076BD61 /* ViewController.swift */,
			);
			path = Views;
			sourceTree = "<group>";
		};
		52F55C1223C4770900E34F00 /* Components */ = {
			isa = PBXGroup;
			children = (
				52F55C0523C476EE00E34F00 /* DeviceComponent.swift */,
				52F55C0823C476EE00E34F00 /* DiscoveryComponent.swift */,
				52F55C0723C476EE00E34F00 /* OperationManage.swift */,
				52F55C0623C476EE00E34F00 /* ViewComponent.swift */,
				52F55C0423C476EE00E34F00 /* UDP.swift */,
				52F55C1323C4790C00E34F00 /* HTTP.swift */,
				52F55C1523C47DD400E34F00 /* HTTPCoreOperation.swift */,
				52F55C1723C485F000E34F00 /* OnvifHTTPOperation.swift */,
			);
			path = Components;
			sourceTree = "<group>";
		};
/* End PBXGroup section */

/* Begin PBXNativeTarget section */
		5216CBE023B4A6F10076BD61 /* Greeting */ = {
			isa = PBXNativeTarget;
			buildConfigurationList = 5216CBF523B4A6F30076BD61 /* Build configuration list for PBXNativeTarget "Greeting" */;
			buildPhases = (
				5216CBDD23B4A6F10076BD61 /* Sources */,
				5216CBDE23B4A6F10076BD61 /* Frameworks */,
				5216CBDF23B4A6F10076BD61 /* Resources */,
				52362AEA23B7047B00472319 /* Embed Frameworks */,
			);
			buildRules = (
			);
			dependencies = (
			);
			name = Greeting;
			productName = Greeting;
			productReference = 5216CBE123B4A6F10076BD61 /* Greeting.app */;
			productType = "com.apple.product-type.application";
		};
/* End PBXNativeTarget section */

/* Begin PBXProject section */
		5216CBD923B4A6F10076BD61 /* Project object */ = {
			isa = PBXProject;
			attributes = {
				LastSwiftUpdateCheck = 1130;
				LastUpgradeCheck = 1130;
				ORGANIZATIONNAME = "Tran Cuong";
				TargetAttributes = {
					5216CBE023B4A6F10076BD61 = {
						CreatedOnToolsVersion = 11.3;
					};
				};
			};
			buildConfigurationList = 5216CBDC23B4A6F10076BD61 /* Build configuration list for PBXProject "Greeting" */;
			compatibilityVersion = "Xcode 9.3";
			developmentRegion = en;
			hasScannedForEncodings = 0;
			knownRegions = (
				en,
				Base,
			);
			mainGroup = 5216CBD823B4A6F10076BD61;
			productRefGroup = 5216CBE223B4A6F10076BD61 /* Products */;
			projectDirPath = "";
			projectRoot = "";
			targets = (
				5216CBE023B4A6F10076BD61 /* Greeting */,
			);
		};
/* End PBXProject section */

/* Begin PBXResourcesBuildPhase section */
		5216CBDF23B4A6F10076BD61 /* Resources */ = {
			isa = PBXResourcesBuildPhase;
			buildActionMask = 2147483647;
			files = (
				5216CBF123B4A6F30076BD61 /* LaunchScreen.storyboard in Resources */,
				5216CBEE23B4A6F30076BD61 /* Assets.xcassets in Resources */,
			);
			runOnlyForDeploymentPostprocessing = 0;
		};
/* End PBXResourcesBuildPhase section */

/* Begin PBXSourcesBuildPhase section */
		5216CBDD23B4A6F10076BD61 /* Sources */ = {
			isa = PBXSourcesBuildPhase;
			buildActionMask = 2147483647;
			files = (
				52F55C1A23C4877500E34F00 /* GetSystemDateAndTimeOperation.swift in Sources */,
				5286571F23BB5039003DDDEC /* ReceiveOnvifDevciesOperation.swift in Sources */,
				52F55C0E23C476EF00E34F00 /* OperationManage.swift in Sources */,
				52C6C50723C8674700A0E86D /* ParseProfilesOperation.swift in Sources */,
				52F55C1623C47DD400E34F00 /* HTTPCoreOperation.swift in Sources */,
				52C6C50523C8674100A0E86D /* GetProfilesOperation.swift in Sources */,
				528FA45A23B9E57D009D1BA6 /* ReadProbeResponseOperation.swift in Sources */,
				5287A2E223B5AAEC00114D20 /* Component.swift in Sources */,
				5232CDFA23B60B9F00F21272 /* EngineExtension.swift in Sources */,
				52931CCC23B9A02100F0DB0F /* SendProbeOperation.swift in Sources */,
				52F55C1823C485F000E34F00 /* OnvifHTTPOperation.swift in Sources */,
				52F55C0F23C476EF00E34F00 /* DiscoveryComponent.swift in Sources */,
				52F55C0B23C476EF00E34F00 /* UDP.swift in Sources */,
				5232CDF823B5ECDC00F21272 /* Registrations.swift in Sources */,
				52F55BFB23C466C100E34F00 /* Shared.swift in Sources */,
				52F55C1423C4790C00E34F00 /* HTTP.swift in Sources */,
				52931CCA23B99A2400F0DB0F /* UDPCoreOperation.swift in Sources */,
				52F86DDA23B70CD500CBAB30 /* Profile.swift in Sources */,
				52F55C0D23C476EF00E34F00 /* ViewComponent.swift in Sources */,
				52F55C0C23C476EF00E34F00 /* DeviceComponent.swift in Sources */,
				528FA45C23B9E654009D1BA6 /* BaseXMLOperation.swift in Sources */,
				52F86DD923B70CD500CBAB30 /* ONVIFDevice.swift in Sources */,
				5216CBE923B4A6F10076BD61 /* ViewController.swift in Sources */,
				52131E1C23B832F400994AA2 /* BaseOperation.swift in Sources */,
				52EF6EA923B9F88B00929609 /* UDPOperation.swift in Sources */,
				52F86DDB23B70CD500CBAB30 /* ProbeMatch.swift in Sources */,
				5287A2E023B5AA9B00114D20 /* Engine.swift in Sources */,
				52F86DDC23B70CD500CBAB30 /* Models.swift in Sources */,
				5216CBE523B4A6F10076BD61 /* AppDelegate.swift in Sources */,
				528F2BB823B4AB12007890DF /* Events.swift in Sources */,
			);
			runOnlyForDeploymentPostprocessing = 0;
		};
/* End PBXSourcesBuildPhase section */

/* Begin PBXVariantGroup section */
		5216CBEF23B4A6F30076BD61 /* LaunchScreen.storyboard */ = {
			isa = PBXVariantGroup;
			children = (
				5216CBF023B4A6F30076BD61 /* Base */,
			);
			name = LaunchScreen.storyboard;
			sourceTree = "<group>";
		};
/* End PBXVariantGroup section */

/* Begin XCBuildConfiguration section */
		5216CBF323B4A6F30076BD61 /* Debug */ = {
			isa = XCBuildConfiguration;
			buildSettings = {
				ALWAYS_SEARCH_USER_PATHS = NO;
				CLANG_ANALYZER_NONNULL = YES;
				CLANG_ANALYZER_NUMBER_OBJECT_CONVERSION = YES_AGGRESSIVE;
				CLANG_CXX_LANGUAGE_STANDARD = "gnu++14";
				CLANG_CXX_LIBRARY = "libc++";
				CLANG_ENABLE_MODULES = YES;
				CLANG_ENABLE_OBJC_ARC = YES;
				CLANG_ENABLE_OBJC_WEAK = YES;
				CLANG_WARN_BLOCK_CAPTURE_AUTORELEASING = YES;
				CLANG_WARN_BOOL_CONVERSION = YES;
				CLANG_WARN_COMMA = YES;
				CLANG_WARN_CONSTANT_CONVERSION = YES;
				CLANG_WARN_DEPRECATED_OBJC_IMPLEMENTATIONS = YES;
				CLANG_WARN_DIRECT_OBJC_ISA_USAGE = YES_ERROR;
				CLANG_WARN_DOCUMENTATION_COMMENTS = YES;
				CLANG_WARN_EMPTY_BODY = YES;
				CLANG_WARN_ENUM_CONVERSION = YES;
				CLANG_WARN_INFINITE_RECURSION = YES;
				CLANG_WARN_INT_CONVERSION = YES;
				CLANG_WARN_NON_LITERAL_NULL_CONVERSION = YES;
				CLANG_WARN_OBJC_IMPLICIT_RETAIN_SELF = YES;
				CLANG_WARN_OBJC_LITERAL_CONVERSION = YES;
				CLANG_WARN_OBJC_ROOT_CLASS = YES_ERROR;
				CLANG_WARN_RANGE_LOOP_ANALYSIS = YES;
				CLANG_WARN_STRICT_PROTOTYPES = YES;
				CLANG_WARN_SUSPICIOUS_MOVE = YES;
				CLANG_WARN_UNGUARDED_AVAILABILITY = YES_AGGRESSIVE;
				CLANG_WARN_UNREACHABLE_CODE = YES;
				CLANG_WARN__DUPLICATE_METHOD_MATCH = YES;
				COPY_PHASE_STRIP = NO;
				DEBUG_INFORMATION_FORMAT = dwarf;
				ENABLE_STRICT_OBJC_MSGSEND = YES;
				ENABLE_TESTABILITY = YES;
				GCC_C_LANGUAGE_STANDARD = gnu11;
				GCC_DYNAMIC_NO_PIC = NO;
				GCC_NO_COMMON_BLOCKS = YES;
				GCC_OPTIMIZATION_LEVEL = 0;
				GCC_PREPROCESSOR_DEFINITIONS = (
					"DEBUG=1",
					"$(inherited)",
				);
				GCC_WARN_64_TO_32_BIT_CONVERSION = YES;
				GCC_WARN_ABOUT_RETURN_TYPE = YES_ERROR;
				GCC_WARN_UNDECLARED_SELECTOR = YES;
				GCC_WARN_UNINITIALIZED_AUTOS = YES_AGGRESSIVE;
				GCC_WARN_UNUSED_FUNCTION = YES;
				GCC_WARN_UNUSED_VARIABLE = YES;
				IPHONEOS_DEPLOYMENT_TARGET = 9.0;
				MTL_ENABLE_DEBUG_INFO = INCLUDE_SOURCE;
				MTL_FAST_MATH = YES;
				ONLY_ACTIVE_ARCH = YES;
				SDKROOT = iphoneos;
				SWIFT_ACTIVE_COMPILATION_CONDITIONS = DEBUG;
				SWIFT_OPTIMIZATION_LEVEL = "-Onone";
			};
			name = Debug;
		};
		5216CBF423B4A6F30076BD61 /* Release */ = {
			isa = XCBuildConfiguration;
			buildSettings = {
				ALWAYS_SEARCH_USER_PATHS = NO;
				CLANG_ANALYZER_NONNULL = YES;
				CLANG_ANALYZER_NUMBER_OBJECT_CONVERSION = YES_AGGRESSIVE;
				CLANG_CXX_LANGUAGE_STANDARD = "gnu++14";
				CLANG_CXX_LIBRARY = "libc++";
				CLANG_ENABLE_MODULES = YES;
				CLANG_ENABLE_OBJC_ARC = YES;
				CLANG_ENABLE_OBJC_WEAK = YES;
				CLANG_WARN_BLOCK_CAPTURE_AUTORELEASING = YES;
				CLANG_WARN_BOOL_CONVERSION = YES;
				CLANG_WARN_COMMA = YES;
				CLANG_WARN_CONSTANT_CONVERSION = YES;
				CLANG_WARN_DEPRECATED_OBJC_IMPLEMENTATIONS = YES;
				CLANG_WARN_DIRECT_OBJC_ISA_USAGE = YES_ERROR;
				CLANG_WARN_DOCUMENTATION_COMMENTS = YES;
				CLANG_WARN_EMPTY_BODY = YES;
				CLANG_WARN_ENUM_CONVERSION = YES;
				CLANG_WARN_INFINITE_RECURSION = YES;
				CLANG_WARN_INT_CONVERSION = YES;
				CLANG_WARN_NON_LITERAL_NULL_CONVERSION = YES;
				CLANG_WARN_OBJC_IMPLICIT_RETAIN_SELF = YES;
				CLANG_WARN_OBJC_LITERAL_CONVERSION = YES;
				CLANG_WARN_OBJC_ROOT_CLASS = YES_ERROR;
				CLANG_WARN_RANGE_LOOP_ANALYSIS = YES;
				CLANG_WARN_STRICT_PROTOTYPES = YES;
				CLANG_WARN_SUSPICIOUS_MOVE = YES;
				CLANG_WARN_UNGUARDED_AVAILABILITY = YES_AGGRESSIVE;
				CLANG_WARN_UNREACHABLE_CODE = YES;
				CLANG_WARN__DUPLICATE_METHOD_MATCH = YES;
				COPY_PHASE_STRIP = NO;
				DEBUG_INFORMATION_FORMAT = "dwarf-with-dsym";
				ENABLE_NS_ASSERTIONS = NO;
				ENABLE_STRICT_OBJC_MSGSEND = YES;
				GCC_C_LANGUAGE_STANDARD = gnu11;
				GCC_NO_COMMON_BLOCKS = YES;
				GCC_WARN_64_TO_32_BIT_CONVERSION = YES;
				GCC_WARN_ABOUT_RETURN_TYPE = YES_ERROR;
				GCC_WARN_UNDECLARED_SELECTOR = YES;
				GCC_WARN_UNINITIALIZED_AUTOS = YES_AGGRESSIVE;
				GCC_WARN_UNUSED_FUNCTION = YES;
				GCC_WARN_UNUSED_VARIABLE = YES;
				IPHONEOS_DEPLOYMENT_TARGET = 9.0;
				MTL_ENABLE_DEBUG_INFO = NO;
				MTL_FAST_MATH = YES;
				SDKROOT = iphoneos;
				SWIFT_COMPILATION_MODE = wholemodule;
				SWIFT_OPTIMIZATION_LEVEL = "-O";
				VALIDATE_PRODUCT = YES;
			};
			name = Release;
		};
		5216CBF623B4A6F30076BD61 /* Debug */ = {
			isa = XCBuildConfiguration;
			buildSettings = {
				ASSETCATALOG_COMPILER_APPICON_NAME = AppIcon;
				CODE_SIGN_STYLE = Automatic;
				DEVELOPMENT_TEAM = N4YXZ25XGE;
				FRAMEWORK_SEARCH_PATHS = (
					"$(inherited)",
					"$(PROJECT_DIR)/Carthage/Build/iOS",
				);
				INFOPLIST_FILE = Greeting/Info.plist;
				LD_RUNPATH_SEARCH_PATHS = (
					"$(inherited)",
					"@executable_path/Frameworks",
				);
				PRODUCT_BUNDLE_IDENTIFIER = com.qc.Greeting;
				PRODUCT_NAME = "$(TARGET_NAME)";
				SWIFT_VERSION = 5.0;
				TARGETED_DEVICE_FAMILY = 1;
			};
			name = Debug;
		};
		5216CBF723B4A6F30076BD61 /* Release */ = {
			isa = XCBuildConfiguration;
			buildSettings = {
				ASSETCATALOG_COMPILER_APPICON_NAME = AppIcon;
				CODE_SIGN_STYLE = Automatic;
				DEVELOPMENT_TEAM = N4YXZ25XGE;
				FRAMEWORK_SEARCH_PATHS = (
					"$(inherited)",
					"$(PROJECT_DIR)/Carthage/Build/iOS",
				);
				INFOPLIST_FILE = Greeting/Info.plist;
				LD_RUNPATH_SEARCH_PATHS = (
					"$(inherited)",
					"@executable_path/Frameworks",
				);
				PRODUCT_BUNDLE_IDENTIFIER = com.qc.Greeting;
				PRODUCT_NAME = "$(TARGET_NAME)";
				SWIFT_VERSION = 5.0;
				TARGETED_DEVICE_FAMILY = 1;
			};
			name = Release;
		};
/* End XCBuildConfiguration section */

/* Begin XCConfigurationList section */
		5216CBDC23B4A6F10076BD61 /* Build configuration list for PBXProject "Greeting" */ = {
			isa = XCConfigurationList;
			buildConfigurations = (
				5216CBF323B4A6F30076BD61 /* Debug */,
				5216CBF423B4A6F30076BD61 /* Release */,
			);
			defaultConfigurationIsVisible = 0;
			defaultConfigurationName = Release;
		};
		5216CBF523B4A6F30076BD61 /* Build configuration list for PBXNativeTarget "Greeting" */ = {
			isa = XCConfigurationList;
			buildConfigurations = (
				5216CBF623B4A6F30076BD61 /* Debug */,
				5216CBF723B4A6F30076BD61 /* Release */,
			);
			defaultConfigurationIsVisible = 0;
			defaultConfigurationName = Release;
		};
/* End XCConfigurationList section */
	};
	rootObject = 5216CBD923B4A6F10076BD61 /* Project object */;
}
